// !$*UTF8*$!
{
	archiveVersion = 1;
	classes = {
	};
	objectVersion = 56;
	objects = {

/* Begin PBXBuildFile section */
		D716382129B514E900B8F3DE /* AppDelegate.swift in Sources */ = {isa = PBXBuildFile; fileRef = D716382029B514E900B8F3DE /* AppDelegate.swift */; };
		D716382329B514E900B8F3DE /* SceneDelegate.swift in Sources */ = {isa = PBXBuildFile; fileRef = D716382229B514E900B8F3DE /* SceneDelegate.swift */; };
		D716382A29B514EB00B8F3DE /* Assets.xcassets in Resources */ = {isa = PBXBuildFile; fileRef = D716382929B514EB00B8F3DE /* Assets.xcassets */; };
		D716382D29B514EB00B8F3DE /* LaunchScreen.storyboard in Resources */ = {isa = PBXBuildFile; fileRef = D716382B29B514EB00B8F3DE /* LaunchScreen.storyboard */; };
		D716383829B68C2700B8F3DE /* MovieCell.swift in Sources */ = {isa = PBXBuildFile; fileRef = D716383729B68C2700B8F3DE /* MovieCell.swift */; };
		D716383A29B68D2400B8F3DE /* MovieListViewModel.swift in Sources */ = {isa = PBXBuildFile; fileRef = D716383929B68D2400B8F3DE /* MovieListViewModel.swift */; };
		D716383D29B68D6D00B8F3DE /* MovieDetailsViewController.swift in Sources */ = {isa = PBXBuildFile; fileRef = D716383C29B68D6D00B8F3DE /* MovieDetailsViewController.swift */; };
		D716383F29B68DA000B8F3DE /* MovieDetailsViewModel.swift in Sources */ = {isa = PBXBuildFile; fileRef = D716383E29B68DA000B8F3DE /* MovieDetailsViewModel.swift */; };
		D716384129B68E0800B8F3DE /* MovieListViewController.swift in Sources */ = {isa = PBXBuildFile; fileRef = D716384029B68E0800B8F3DE /* MovieListViewController.swift */; };
		D716384529B7D3D800B8F3DE /* UIKitExtensions.swift in Sources */ = {isa = PBXBuildFile; fileRef = D716384429B7D3D800B8F3DE /* UIKitExtensions.swift */; };
		D716384729B7D53E00B8F3DE /* FoundationExtensions.swift in Sources */ = {isa = PBXBuildFile; fileRef = D716384629B7D53D00B8F3DE /* FoundationExtensions.swift */; };
		D716384929B7E0F300B8F3DE /* UIViewExtensions.swift in Sources */ = {isa = PBXBuildFile; fileRef = D716384829B7E0F300B8F3DE /* UIViewExtensions.swift */; };
		D716384C29B801BB00B8F3DE /* APIManager.swift in Sources */ = {isa = PBXBuildFile; fileRef = D716384B29B801BB00B8F3DE /* APIManager.swift */; };
		D716384F29B8050200B8F3DE /* APIRequest.swift in Sources */ = {isa = PBXBuildFile; fileRef = D716384E29B8050200B8F3DE /* APIRequest.swift */; };
		D716385329B8D0BF00B8F3DE /* Movie.swift in Sources */ = {isa = PBXBuildFile; fileRef = D716385229B8D0BF00B8F3DE /* Movie.swift */; };
		D716385529B8D3CC00B8F3DE /* APIResult.swift in Sources */ = {isa = PBXBuildFile; fileRef = D716385429B8D3CC00B8F3DE /* APIResult.swift */; };
		D716385729B8EB5C00B8F3DE /* UIImageViewExtensions.swift in Sources */ = {isa = PBXBuildFile; fileRef = D716385629B8EB5C00B8F3DE /* UIImageViewExtensions.swift */; };
		D716385929B9050C00B8F3DE /* Coordinator.swift in Sources */ = {isa = PBXBuildFile; fileRef = D716385829B9050C00B8F3DE /* Coordinator.swift */; };
		D716385C29B9061300B8F3DE /* MovieCoordinator.swift in Sources */ = {isa = PBXBuildFile; fileRef = D716385B29B9061300B8F3DE /* MovieCoordinator.swift */; };
/* End PBXBuildFile section */

/* Begin PBXFileReference section */
		D716381D29B514E900B8F3DE /* MovieDB.app */ = {isa = PBXFileReference; explicitFileType = wrapper.application; includeInIndex = 0; path = MovieDB.app; sourceTree = BUILT_PRODUCTS_DIR; };
		D716382029B514E900B8F3DE /* AppDelegate.swift */ = {isa = PBXFileReference; lastKnownFileType = sourcecode.swift; path = AppDelegate.swift; sourceTree = "<group>"; };
		D716382229B514E900B8F3DE /* SceneDelegate.swift */ = {isa = PBXFileReference; lastKnownFileType = sourcecode.swift; path = SceneDelegate.swift; sourceTree = "<group>"; };
		D716382929B514EB00B8F3DE /* Assets.xcassets */ = {isa = PBXFileReference; lastKnownFileType = folder.assetcatalog; path = Assets.xcassets; sourceTree = "<group>"; };
		D716382C29B514EB00B8F3DE /* Base */ = {isa = PBXFileReference; lastKnownFileType = file.storyboard; name = Base; path = Base.lproj/LaunchScreen.storyboard; sourceTree = "<group>"; };
		D716382E29B514EB00B8F3DE /* Info.plist */ = {isa = PBXFileReference; lastKnownFileType = text.plist.xml; path = Info.plist; sourceTree = "<group>"; };
		D716383729B68C2700B8F3DE /* MovieCell.swift */ = {isa = PBXFileReference; lastKnownFileType = sourcecode.swift; path = MovieCell.swift; sourceTree = "<group>"; };
		D716383929B68D2400B8F3DE /* MovieListViewModel.swift */ = {isa = PBXFileReference; lastKnownFileType = sourcecode.swift; path = MovieListViewModel.swift; sourceTree = "<group>"; };
		D716383C29B68D6D00B8F3DE /* MovieDetailsViewController.swift */ = {isa = PBXFileReference; lastKnownFileType = sourcecode.swift; path = MovieDetailsViewController.swift; sourceTree = "<group>"; };
		D716383E29B68DA000B8F3DE /* MovieDetailsViewModel.swift */ = {isa = PBXFileReference; lastKnownFileType = sourcecode.swift; path = MovieDetailsViewModel.swift; sourceTree = "<group>"; };
		D716384029B68E0800B8F3DE /* MovieListViewController.swift */ = {isa = PBXFileReference; lastKnownFileType = sourcecode.swift; path = MovieListViewController.swift; sourceTree = "<group>"; };
		D716384429B7D3D800B8F3DE /* UIKitExtensions.swift */ = {isa = PBXFileReference; lastKnownFileType = sourcecode.swift; path = UIKitExtensions.swift; sourceTree = "<group>"; };
		D716384629B7D53D00B8F3DE /* FoundationExtensions.swift */ = {isa = PBXFileReference; lastKnownFileType = sourcecode.swift; path = FoundationExtensions.swift; sourceTree = "<group>"; };
		D716384829B7E0F300B8F3DE /* UIViewExtensions.swift */ = {isa = PBXFileReference; lastKnownFileType = sourcecode.swift; path = UIViewExtensions.swift; sourceTree = "<group>"; };
		D716384B29B801BB00B8F3DE /* APIManager.swift */ = {isa = PBXFileReference; lastKnownFileType = sourcecode.swift; path = APIManager.swift; sourceTree = "<group>"; };
		D716384E29B8050200B8F3DE /* APIRequest.swift */ = {isa = PBXFileReference; lastKnownFileType = sourcecode.swift; path = APIRequest.swift; sourceTree = "<group>"; };
		D716385229B8D0BF00B8F3DE /* Movie.swift */ = {isa = PBXFileReference; lastKnownFileType = sourcecode.swift; path = Movie.swift; sourceTree = "<group>"; };
		D716385429B8D3CC00B8F3DE /* APIResult.swift */ = {isa = PBXFileReference; lastKnownFileType = sourcecode.swift; path = APIResult.swift; sourceTree = "<group>"; };
		D716385629B8EB5C00B8F3DE /* UIImageViewExtensions.swift */ = {isa = PBXFileReference; lastKnownFileType = sourcecode.swift; path = UIImageViewExtensions.swift; sourceTree = "<group>"; };
		D716385829B9050C00B8F3DE /* Coordinator.swift */ = {isa = PBXFileReference; lastKnownFileType = sourcecode.swift; path = Coordinator.swift; sourceTree = "<group>"; };
		D716385B29B9061300B8F3DE /* MovieCoordinator.swift */ = {isa = PBXFileReference; lastKnownFileType = sourcecode.swift; path = MovieCoordinator.swift; sourceTree = "<group>"; };
/* End PBXFileReference section */

/* Begin PBXFrameworksBuildPhase section */
		D716381A29B514E900B8F3DE /* Frameworks */ = {
			isa = PBXFrameworksBuildPhase;
			buildActionMask = 2147483647;
			files = (
			);
			runOnlyForDeploymentPostprocessing = 0;
		};
/* End PBXFrameworksBuildPhase section */

/* Begin PBXGroup section */
		D716381429B514E900B8F3DE = {
			isa = PBXGroup;
			children = (
				D716381F29B514E900B8F3DE /* MovieDB */,
				D716381E29B514E900B8F3DE /* Products */,
			);
			sourceTree = "<group>";
		};
		D716381E29B514E900B8F3DE /* Products */ = {
			isa = PBXGroup;
			children = (
				D716381D29B514E900B8F3DE /* MovieDB.app */,
			);
			name = Products;
			sourceTree = "<group>";
		};
		D716381F29B514E900B8F3DE /* MovieDB */ = {
			isa = PBXGroup;
			children = (
				D716385D29B9083800B8F3DE /* Coordinator */,
				D716385A29B9053800B8F3DE /* Main */,
				D716385129B8D0AB00B8F3DE /* Model */,
				D716384D29B802CF00B8F3DE /* Extensions */,
				D716384A29B8019B00B8F3DE /* Network */,
				D716383B29B68D5100B8F3DE /* MovieDetails */,
				D716383429B682F500B8F3DE /* MovieList */,
				D716382929B514EB00B8F3DE /* Assets.xcassets */,
				D716382B29B514EB00B8F3DE /* LaunchScreen.storyboard */,
				D716382E29B514EB00B8F3DE /* Info.plist */,
			);
			path = MovieDB;
			sourceTree = "<group>";
		};
		D716383429B682F500B8F3DE /* MovieList */ = {
			isa = PBXGroup;
			children = (
				D716383729B68C2700B8F3DE /* MovieCell.swift */,
				D716383929B68D2400B8F3DE /* MovieListViewModel.swift */,
				D716384029B68E0800B8F3DE /* MovieListViewController.swift */,
			);
			path = MovieList;
			sourceTree = "<group>";
		};
		D716383B29B68D5100B8F3DE /* MovieDetails */ = {
			isa = PBXGroup;
			children = (
				D716383C29B68D6D00B8F3DE /* MovieDetailsViewController.swift */,
				D716383E29B68DA000B8F3DE /* MovieDetailsViewModel.swift */,
			);
			path = MovieDetails;
			sourceTree = "<group>";
		};
		D716384A29B8019B00B8F3DE /* Network */ = {
			isa = PBXGroup;
			children = (
				D716384B29B801BB00B8F3DE /* APIManager.swift */,
				D716384E29B8050200B8F3DE /* APIRequest.swift */,
				D716385429B8D3CC00B8F3DE /* APIResult.swift */,
			);
			path = Network;
			sourceTree = "<group>";
		};
		D716384D29B802CF00B8F3DE /* Extensions */ = {
			isa = PBXGroup;
			children = (
				D716384429B7D3D800B8F3DE /* UIKitExtensions.swift */,
				D716384829B7E0F300B8F3DE /* UIViewExtensions.swift */,
				D716384629B7D53D00B8F3DE /* FoundationExtensions.swift */,
				D716385629B8EB5C00B8F3DE /* UIImageViewExtensions.swift */,
			);
			path = Extensions;
			sourceTree = "<group>";
		};
		D716385129B8D0AB00B8F3DE /* Model */ = {
			isa = PBXGroup;
			children = (
				D716385229B8D0BF00B8F3DE /* Movie.swift */,
			);
			path = Model;
			sourceTree = "<group>";
		};
		D716385A29B9053800B8F3DE /* Main */ = {
			isa = PBXGroup;
			children = (
				D716382029B514E900B8F3DE /* AppDelegate.swift */,
				D716382229B514E900B8F3DE /* SceneDelegate.swift */,
			);
			path = Main;
			sourceTree = "<group>";
		};
		D716385D29B9083800B8F3DE /* Coordinator */ = {
			isa = PBXGroup;
			children = (
				D716385829B9050C00B8F3DE /* Coordinator.swift */,
				D716385B29B9061300B8F3DE /* MovieCoordinator.swift */,
			);
			path = Coordinator;
			sourceTree = "<group>";
		};
/* End PBXGroup section */

/* Begin PBXNativeTarget section */
		D716381C29B514E900B8F3DE /* MovieDB */ = {
			isa = PBXNativeTarget;
			buildConfigurationList = D716383129B514EB00B8F3DE /* Build configuration list for PBXNativeTarget "MovieDB" */;
			buildPhases = (
				D716381929B514E900B8F3DE /* Sources */,
				D716381A29B514E900B8F3DE /* Frameworks */,
				D716381B29B514E900B8F3DE /* Resources */,
			);
			buildRules = (
			);
			dependencies = (
			);
			name = MovieDB;
			productName = MovieDB;
			productReference = D716381D29B514E900B8F3DE /* MovieDB.app */;
			productType = "com.apple.product-type.application";
		};
/* End PBXNativeTarget section */

/* Begin PBXProject section */
		D716381529B514E900B8F3DE /* Project object */ = {
			isa = PBXProject;
			attributes = {
				BuildIndependentTargetsInParallel = 1;
				LastSwiftUpdateCheck = 1420;
				LastUpgradeCheck = 1420;
				TargetAttributes = {
					D716381C29B514E900B8F3DE = {
						CreatedOnToolsVersion = 14.2;
					};
				};
			};
			buildConfigurationList = D716381829B514E900B8F3DE /* Build configuration list for PBXProject "MovieDB" */;
			compatibilityVersion = "Xcode 14.0";
			developmentRegion = en;
			hasScannedForEncodings = 0;
			knownRegions = (
				en,
				Base,
			);
			mainGroup = D716381429B514E900B8F3DE;
			productRefGroup = D716381E29B514E900B8F3DE /* Products */;
			projectDirPath = "";
			projectRoot = "";
			targets = (
				D716381C29B514E900B8F3DE /* MovieDB */,
			);
		};
/* End PBXProject section */

/* Begin PBXResourcesBuildPhase section */
		D716381B29B514E900B8F3DE /* Resources */ = {
			isa = PBXResourcesBuildPhase;
			buildActionMask = 2147483647;
			files = (
				D716382D29B514EB00B8F3DE /* LaunchScreen.storyboard in Resources */,
				D716382A29B514EB00B8F3DE /* Assets.xcassets in Resources */,
			);
			runOnlyForDeploymentPostprocessing = 0;
		};
/* End PBXResourcesBuildPhase section */

/* Begin PBXSourcesBuildPhase section */
		D716381929B514E900B8F3DE /* Sources */ = {
			isa = PBXSourcesBuildPhase;
			buildActionMask = 2147483647;
			files = (
				D716385329B8D0BF00B8F3DE /* Movie.swift in Sources */,
				D716384C29B801BB00B8F3DE /* APIManager.swift in Sources */,
				D716385729B8EB5C00B8F3DE /* UIImageViewExtensions.swift in Sources */,
				D716384929B7E0F300B8F3DE /* UIViewExtensions.swift in Sources */,
				D716385C29B9061300B8F3DE /* MovieCoordinator.swift in Sources */,
				D716384F29B8050200B8F3DE /* APIRequest.swift in Sources */,
				D716383F29B68DA000B8F3DE /* MovieDetailsViewModel.swift in Sources */,
				D716385529B8D3CC00B8F3DE /* APIResult.swift in Sources */,
				D716384529B7D3D800B8F3DE /* UIKitExtensions.swift in Sources */,
				D716382129B514E900B8F3DE /* AppDelegate.swift in Sources */,
				D716385929B9050C00B8F3DE /* Coordinator.swift in Sources */,
				D716384129B68E0800B8F3DE /* MovieListViewController.swift in Sources */,
				D716383D29B68D6D00B8F3DE /* MovieDetailsViewController.swift in Sources */,
				D716384729B7D53E00B8F3DE /* FoundationExtensions.swift in Sources */,
				D716383829B68C2700B8F3DE /* MovieCell.swift in Sources */,
				D716382329B514E900B8F3DE /* SceneDelegate.swift in Sources */,
				D716383A29B68D2400B8F3DE /* MovieListViewModel.swift in Sources */,
			);
			runOnlyForDeploymentPostprocessing = 0;
		};
/* End PBXSourcesBuildPhase section */

/* Begin PBXVariantGroup section */
		D716382B29B514EB00B8F3DE /* LaunchScreen.storyboard */ = {
			isa = PBXVariantGroup;
			children = (
				D716382C29B514EB00B8F3DE /* Base */,
			);
			name = LaunchScreen.storyboard;
			sourceTree = "<group>";
		};
/* End PBXVariantGroup section */

/* Begin XCBuildConfiguration section */
		D716382F29B514EB00B8F3DE /* Debug */ = {
			isa = XCBuildConfiguration;
			buildSettings = {
				ALWAYS_SEARCH_USER_PATHS = NO;
				CLANG_ANALYZER_NONNULL = YES;
				CLANG_ANALYZER_NUMBER_OBJECT_CONVERSION = YES_AGGRESSIVE;
				CLANG_CXX_LANGUAGE_STANDARD = "gnu++20";
				CLANG_ENABLE_MODULES = YES;
				CLANG_ENABLE_OBJC_ARC = YES;
				CLANG_ENABLE_OBJC_WEAK = YES;
				CLANG_WARN_BLOCK_CAPTURE_AUTORELEASING = YES;
				CLANG_WARN_BOOL_CONVERSION = YES;
				CLANG_WARN_COMMA = YES;
				CLANG_WARN_CONSTANT_CONVERSION = YES;
				CLANG_WARN_DEPRECATED_OBJC_IMPLEMENTATIONS = YES;
				CLANG_WARN_DIRECT_OBJC_ISA_USAGE = YES_ERROR;
				CLANG_WARN_DOCUMENTATION_COMMENTS = YES;
				CLANG_WARN_EMPTY_BODY = YES;
				CLANG_WARN_ENUM_CONVERSION = YES;
				CLANG_WARN_INFINITE_RECURSION = YES;
				CLANG_WARN_INT_CONVERSION = YES;
				CLANG_WARN_NON_LITERAL_NULL_CONVERSION = YES;
				CLANG_WARN_OBJC_IMPLICIT_RETAIN_SELF = YES;
				CLANG_WARN_OBJC_LITERAL_CONVERSION = YES;
				CLANG_WARN_OBJC_ROOT_CLASS = YES_ERROR;
				CLANG_WARN_QUOTED_INCLUDE_IN_FRAMEWORK_HEADER = YES;
				CLANG_WARN_RANGE_LOOP_ANALYSIS = YES;
				CLANG_WARN_STRICT_PROTOTYPES = YES;
				CLANG_WARN_SUSPICIOUS_MOVE = YES;
				CLANG_WARN_UNGUARDED_AVAILABILITY = YES_AGGRESSIVE;
				CLANG_WARN_UNREACHABLE_CODE = YES;
				CLANG_WARN__DUPLICATE_METHOD_MATCH = YES;
				COPY_PHASE_STRIP = NO;
				DEBUG_INFORMATION_FORMAT = dwarf;
				ENABLE_STRICT_OBJC_MSGSEND = YES;
				ENABLE_TESTABILITY = YES;
				GCC_C_LANGUAGE_STANDARD = gnu11;
				GCC_DYNAMIC_NO_PIC = NO;
				GCC_NO_COMMON_BLOCKS = YES;
				GCC_OPTIMIZATION_LEVEL = 0;
				GCC_PREPROCESSOR_DEFINITIONS = (
					"DEBUG=1",
					"$(inherited)",
				);
				GCC_WARN_64_TO_32_BIT_CONVERSION = YES;
				GCC_WARN_ABOUT_RETURN_TYPE = YES_ERROR;
				GCC_WARN_UNDECLARED_SELECTOR = YES;
				GCC_WARN_UNINITIALIZED_AUTOS = YES_AGGRESSIVE;
				GCC_WARN_UNUSED_FUNCTION = YES;
				GCC_WARN_UNUSED_VARIABLE = YES;
				IPHONEOS_DEPLOYMENT_TARGET = 16.2;
				MTL_ENABLE_DEBUG_INFO = INCLUDE_SOURCE;
				MTL_FAST_MATH = YES;
				ONLY_ACTIVE_ARCH = YES;
				SDKROOT = iphoneos;
				SWIFT_ACTIVE_COMPILATION_CONDITIONS = DEBUG;
				SWIFT_OPTIMIZATION_LEVEL = "-Onone";
			};
			name = Debug;
		};
		D716383029B514EB00B8F3DE /* Release */ = {
			isa = XCBuildConfiguration;
			buildSettings = {
				ALWAYS_SEARCH_USER_PATHS = NO;
				CLANG_ANALYZER_NONNULL = YES;
				CLANG_ANALYZER_NUMBER_OBJECT_CONVERSION = YES_AGGRESSIVE;
				CLANG_CXX_LANGUAGE_STANDARD = "gnu++20";
				CLANG_ENABLE_MODULES = YES;
				CLANG_ENABLE_OBJC_ARC = YES;
				CLANG_ENABLE_OBJC_WEAK = YES;
				CLANG_WARN_BLOCK_CAPTURE_AUTORELEASING = YES;
				CLANG_WARN_BOOL_CONVERSION = YES;
				CLANG_WARN_COMMA = YES;
				CLANG_WARN_CONSTANT_CONVERSION = YES;
				CLANG_WARN_DEPRECATED_OBJC_IMPLEMENTATIONS = YES;
				CLANG_WARN_DIRECT_OBJC_ISA_USAGE = YES_ERROR;
				CLANG_WARN_DOCUMENTATION_COMMENTS = YES;
				CLANG_WARN_EMPTY_BODY = YES;
				CLANG_WARN_ENUM_CONVERSION = YES;
				CLANG_WARN_INFINITE_RECURSION = YES;
				CLANG_WARN_INT_CONVERSION = YES;
				CLANG_WARN_NON_LITERAL_NULL_CONVERSION = YES;
				CLANG_WARN_OBJC_IMPLICIT_RETAIN_SELF = YES;
				CLANG_WARN_OBJC_LITERAL_CONVERSION = YES;
				CLANG_WARN_OBJC_ROOT_CLASS = YES_ERROR;
				CLANG_WARN_QUOTED_INCLUDE_IN_FRAMEWORK_HEADER = YES;
				CLANG_WARN_RANGE_LOOP_ANALYSIS = YES;
				CLANG_WARN_STRICT_PROTOTYPES = YES;
				CLANG_WARN_SUSPICIOUS_MOVE = YES;
				CLANG_WARN_UNGUARDED_AVAILABILITY = YES_AGGRESSIVE;
				CLANG_WARN_UNREACHABLE_CODE = YES;
				CLANG_WARN__DUPLICATE_METHOD_MATCH = YES;
				COPY_PHASE_STRIP = NO;
				DEBUG_INFORMATION_FORMAT = "dwarf-with-dsym";
				ENABLE_NS_ASSERTIONS = NO;
				ENABLE_STRICT_OBJC_MSGSEND = YES;
				GCC_C_LANGUAGE_STANDARD = gnu11;
				GCC_NO_COMMON_BLOCKS = YES;
				GCC_WARN_64_TO_32_BIT_CONVERSION = YES;
				GCC_WARN_ABOUT_RETURN_TYPE = YES_ERROR;
				GCC_WARN_UNDECLARED_SELECTOR = YES;
				GCC_WARN_UNINITIALIZED_AUTOS = YES_AGGRESSIVE;
				GCC_WARN_UNUSED_FUNCTION = YES;
				GCC_WARN_UNUSED_VARIABLE = YES;
				IPHONEOS_DEPLOYMENT_TARGET = 16.2;
				MTL_ENABLE_DEBUG_INFO = NO;
				MTL_FAST_MATH = YES;
				SDKROOT = iphoneos;
				SWIFT_COMPILATION_MODE = wholemodule;
				SWIFT_OPTIMIZATION_LEVEL = "-O";
				VALIDATE_PRODUCT = YES;
			};
			name = Release;
		};
		D716383229B514EB00B8F3DE /* Debug */ = {
			isa = XCBuildConfiguration;
			buildSettings = {
				ASSETCATALOG_COMPILER_APPICON_NAME = AppIcon;
				ASSETCATALOG_COMPILER_GLOBAL_ACCENT_COLOR_NAME = AccentColor;
				CODE_SIGN_STYLE = Automatic;
				CURRENT_PROJECT_VERSION = 1;
				GENERATE_INFOPLIST_FILE = YES;
				INFOPLIST_FILE = MovieDB/Info.plist;
				INFOPLIST_KEY_UIApplicationSupportsIndirectInputEvents = YES;
				INFOPLIST_KEY_UILaunchStoryboardName = LaunchScreen;
				INFOPLIST_KEY_UISupportedInterfaceOrientations_iPad = "UIInterfaceOrientationPortrait UIInterfaceOrientationPortraitUpsideDown UIInterfaceOrientationLandscapeLeft UIInterfaceOrientationLandscapeRight";
				INFOPLIST_KEY_UISupportedInterfaceOrientations_iPhone = "UIInterfaceOrientationPortrait UIInterfaceOrientationLandscapeLeft UIInterfaceOrientationLandscapeRight";
				LD_RUNPATH_SEARCH_PATHS = (
					"$(inherited)",
					"@executable_path/Frameworks",
				);
				MARKETING_VERSION = 1.0;
				PRODUCT_BUNDLE_IDENTIFIER = com.test.MovieDB;
				PRODUCT_NAME = "$(TARGET_NAME)";
				SWIFT_EMIT_LOC_STRINGS = YES;
				SWIFT_VERSION = 5.0;
				TARGETED_DEVICE_FAMILY = "1,2";
			};
			name = Debug;
		};
		D716383329B514EB00B8F3DE /* Release */ = {
			isa = XCBuildConfiguration;
			buildSettings = {
				ASSETCATALOG_COMPILER_APPICON_NAME = AppIcon;
				ASSETCATALOG_COMPILER_GLOBAL_ACCENT_COLOR_NAME = AccentColor;
				CODE_SIGN_STYLE = Automatic;
				CURRENT_PROJECT_VERSION = 1;
				GENERATE_INFOPLIST_FILE = YES;
				INFOPLIST_FILE = MovieDB/Info.plist;
				INFOPLIST_KEY_UIApplicationSupportsIndirectInputEvents = YES;
				INFOPLIST_KEY_UILaunchStoryboardName = LaunchScreen;
				INFOPLIST_KEY_UISupportedInterfaceOrientations_iPad = "UIInterfaceOrientationPortrait UIInterfaceOrientationPortraitUpsideDown UIInterfaceOrientationLandscapeLeft UIInterfaceOrientationLandscapeRight";
				INFOPLIST_KEY_UISupportedInterfaceOrientations_iPhone = "UIInterfaceOrientationPortrait UIInterfaceOrientationLandscapeLeft UIInterfaceOrientationLandscapeRight";
				LD_RUNPATH_SEARCH_PATHS = (
					"$(inherited)",
					"@executable_path/Frameworks",
				);
				MARKETING_VERSION = 1.0;
				PRODUCT_BUNDLE_IDENTIFIER = com.test.MovieDB;
				PRODUCT_NAME = "$(TARGET_NAME)";
				SWIFT_EMIT_LOC_STRINGS = YES;
				SWIFT_VERSION = 5.0;
				TARGETED_DEVICE_FAMILY = "1,2";
			};
			name = Release;
		};
/* End XCBuildConfiguration section */

/* Begin XCConfigurationList section */
		D716381829B514E900B8F3DE /* Build configuration list for PBXProject "MovieDB" */ = {
			isa = XCConfigurationList;
			buildConfigurations = (
				D716382F29B514EB00B8F3DE /* Debug */,
				D716383029B514EB00B8F3DE /* Release */,
			);
			defaultConfigurationIsVisible = 0;
			defaultConfigurationName = Release;
		};
		D716383129B514EB00B8F3DE /* Build configuration list for PBXNativeTarget "MovieDB" */ = {
			isa = XCConfigurationList;
			buildConfigurations = (
				D716383229B514EB00B8F3DE /* Debug */,
				D716383329B514EB00B8F3DE /* Release */,
			);
			defaultConfigurationIsVisible = 0;
			defaultConfigurationName = Release;
		};
/* End XCConfigurationList section */
	};
	rootObject = D716381529B514E900B8F3DE /* Project object */;
}
